github.com/mls-361/buffer v0.0.0-20210103213437-81ee3f6478c8 h1:SNPGm0iMWj0Mb26/TKSScvdE+w98++yMNe5LfzlQn8c=
github.com/mls-361/buffer v0.0.0-20210103213437-81ee3f6478c8/go.mod h1:skxL3BFTFnQe9Z8QD8DpEygWzVGTlcRPWc3tcQgRDRY=
github.com/mls-361/datamap v0.0.0-20210103214129-fd806a229ad0 h1:0jLE6m0Ye3Pd95yPXzROAfBK5AhvyfWZDjzl5CuOTHE=
github.com/mls-361/datamap v0.0.0-20210103214129-fd806a229ad0/go.mod h1:DDE2LWPf0L5TonMRZhzPx2YXJdBdSy2soBl4JjPnHoM=
github.com/mls-361/failure v0.0.0-20210103213724-67f4cd2e77b7 h1:l++wiAF9NpU/7+DScxxRVB4YLGtr6r1PpS95BhE4JxA=
github.com/mls-361/failure v0.0.0-20210103213724-67f4cd2e77b7/go.mod h1:tM7wbGoXpoDx7widuG+NJQ0WW4PUIr22xImtcBqUbys=
github.com/mls-361/logfmt v0.0.0-20210103213624-dfce4a07a454 h1:jnBIBFsUZskioh57pVwEX9r++PvxqiFqY03UPfR4XyM=
github.com/mls-361/logfmt v0.0.0-20210103213624-dfce4a07a454/go.mod h1:qBYtM0w3GM8BleORllSY/szCdDY1Qst6f32oumitrQs=
github.com/mls-361/logger v0.0.0-20210103214222-796b123fd379 h1:fKMVsLJj+oJWxCncj3br/Ek/Tak1SAsO6hvm4ZDlHLU=
github.com/mls-361/logger v0.0.0-20210103214222-796b123fd379/go.mod h1:JGD8K3v0sSvCozN2Rqz7annI18+SQ41OH8IELUk6Tus=
github.com/mls-361/minikit v0.0.0-20210106124457-c076a78e4e7c h1:uNQ4IxvgklzYAZn2C3FfltgNR3ix0OkXX2bicOkztw4=
github.com/mls-361/minikit v0.0.0-20210106124457-c076a78e4e7c/go.mod h1:V+CaZ8dMQScqWIB0J/47IoQhtF5AFJ6MLFHERyQXRos=
github.com/mls-361/uuid v0.0.0-20210103213509-f52b091b96f3 h1:AZahXz9O0+Wc0BlyZ3JUESgMNAs58RHBHzs2O2yb9No=
github.com/mls-361/uuid v0.0.0-20210103213509-f52b091b96f3/go.mod h1:rfCILTqOE/XTkQ8I/2IvePWDmueuVJAi8g+NejjDP2A=
