github.com/mls-361/buffer v0.0.0-20201227143939-c64ae381f889 h1:fSUuC8iBO9B0foEMuh3DiisLUPpYmnkOnqZOeSfHtlI=
github.com/mls-361/buffer v0.0.0-20201227143939-c64ae381f889/go.mod h1:skxL3BFTFnQe9Z8QD8DpEygWzVGTlcRPWc3tcQgRDRY=
github.com/mls-361/logfmt v0.0.0-20201227152049-109f0b8c6ea8 h1:8YS1mr0XNoI4qrbbIxb96V26sDRtzLzNytJ19CrFQDE=
github.com/mls-361/logfmt v0.0.0-20201227152049-109f0b8c6ea8/go.mod h1:eZFCuCrYbT2CH7QHrPpDYQdg8rtmdaSpwJoN9mWGNLQ=
github.com/mls-361/logger v0.0.0-20201231194053-9932ffa02c0c h1:iY6mhA3cyYQ3oOK3hgozF12pZfL2PrtU//MzsLVKqsQ=
github.com/mls-361/logger v0.0.0-20201231194053-9932ffa02c0c/go.mod h1:yuVL68Q9NVyHOEKC+z/wogq3ovhZU4Bl92pN4+JNSi4=
