github.com/mls-361/buffer v0.0.0-20210214143923-2dc8b703831b h1:idkigFFk06uq8KDZjfmrIj2qXYO4F466ZHrKkA8Ak8E=
github.com/mls-361/buffer v0.0.0-20210214143923-2dc8b703831b/go.mod h1:skxL3BFTFnQe9Z8QD8DpEygWzVGTlcRPWc3tcQgRDRY=
github.com/mls-361/datamap v0.0.0-20210214153142-5338a640d895 h1:N3//SHHhrgKtD9/T/0RgPDMWls1tJpeTt0nhQ3yIWt4=
github.com/mls-361/datamap v0.0.0-20210214153142-5338a640d895/go.mod h1:C9iJZ7VeqkVnM1bG8/7w28Av6303SIwXHg/FPYeOYxg=
github.com/mls-361/failure v0.0.0-20210214150656-bf33513ce561 h1:KMNRnoFBAQT3GACQG8USlKWLgkGt6iG7xgYH2fbpwJc=
github.com/mls-361/failure v0.0.0-20210214150656-bf33513ce561/go.mod h1:BWQr6RZOwoWz8xbSaQ/UDhncmL+diACBTHa1CEYLfSA=
github.com/mls-361/logfmt v0.0.0-20210214150102-dc79140262f2 h1:Zt6lQ5jFV60/7KuP2zqgI1kCOhXsoUmwfANYR/5vtTM=
github.com/mls-361/logfmt v0.0.0-20210214150102-dc79140262f2/go.mod h1:DKp8pWoA93y8WBQiSR0KDpNsE2rAioxfQNL+rLcKslU=
github.com/mls-361/logger v0.0.0-20210214164347-fd97529e9bfc h1:wYRXNC2gB4t+WSOBM9Bn5IaiKOh1tPG5wxzjR08t64o=
github.com/mls-361/logger v0.0.0-20210214164347-fd97529e9bfc/go.mod h1:O6F5h4lQmMgCunbbXYNxYoQXdjc7lPQKKN0NlB8NToo=
github.com/mls-361/minikit v0.0.0-20210214153735-4a98c54b8c7a h1:9N+OKzqL2qd1/7zR9SXsLqck6uqEmAdhaXVMO8zCZbo=
github.com/mls-361/minikit v0.0.0-20210214153735-4a98c54b8c7a/go.mod h1:UsCd8YWgxJjBSy30V5BNLjZKIvtGnstOpxcHxe/BA88=
github.com/mls-361/uuid v0.0.0-20210103213509-f52b091b96f3 h1:AZahXz9O0+Wc0BlyZ3JUESgMNAs58RHBHzs2O2yb9No=
github.com/mls-361/uuid v0.0.0-20210103213509-f52b091b96f3/go.mod h1:rfCILTqOE/XTkQ8I/2IvePWDmueuVJAi8g+NejjDP2A=
